
Microsoft Visual Studio Solution File, Format Version 12.00
Project("{FAE04EC0-301F-11D3-BF4B-00C04F79EFBC}") = "SFGServer", "SFGServer.csproj", "{60AD3740-283E-43D8-853C-0FE52DC5EB0B}"
EndProject
Global
	GlobalSection(SolutionConfigurationPlatforms) = preSolution
		Debug|Any CPU = Debug|Any CPU
		Release|Any CPU = Release|Any CPU
	EndGlobalSection
	GlobalSection(ProjectConfigurationPlatforms) = postSolution
		{60AD3740-283E-43D8-853C-0FE52DC5EB0B}.Debug|Any CPU.ActiveCfg = Debug|Any CPU
		{60AD3740-283E-43D8-853C-0FE52DC5EB0B}.Debug|Any CPU.Build.0 = Debug|Any CPU
		{60AD3740-283E-43D8-853C-0FE52DC5EB0B}.Release|Any CPU.ActiveCfg = Release|Any CPU
		{60AD3740-283E-43D8-853C-0FE52DC5EB0B}.Release|Any CPU.Build.0 = Release|Any CPU
	EndGlobalSection
EndGlobal
